
Microsoft Visual Studio Solution File, Format Version 12.00
# Visual Studio Version 17
VisualStudioVersion = 17.14.36518.9 d17.14
MinimumVisualStudioVersion = 10.0.40219.1
Project("{FAE04EC0-301F-11D3-BF4B-00C04F79EFBC}") = "Tracker", "Tracker.csproj", "{64BE939F-B0F3-4B34-B91D-CB8E8F3A4DC9}"
EndProject
Project("{FAE04EC0-301F-11D3-BF4B-00C04F79EFBC}") = "Tracker.web", "Tracker.web\Tracker.web.csproj", "{E77D5CC0-BD75-4A57-A03D-4681E0940985}"
EndProject
Project("{FAE04EC0-301F-11D3-BF4B-00C04F79EFBC}") = "Tracker.api", "Tracker.api\Tracker.api.csproj", "{11AD33E7-DCC3-4086-8E68-58B2D0AFC6BE}"
EndProject
Global
	GlobalSection(SolutionConfigurationPlatforms) = preSolution
		Debug|Any CPU = Debug|Any CPU
		Release|Any CPU = Release|Any CPU
	EndGlobalSection
	GlobalSection(ProjectConfigurationPlatforms) = postSolution
		{64BE939F-B0F3-4B34-B91D-CB8E8F3A4DC9}.Debug|Any CPU.ActiveCfg = Debug|Any CPU
		{64BE939F-B0F3-4B34-B91D-CB8E8F3A4DC9}.Debug|Any CPU.Build.0 = Debug|Any CPU
		{64BE939F-B0F3-4B34-B91D-CB8E8F3A4DC9}.Release|Any CPU.ActiveCfg = Release|Any CPU
		{64BE939F-B0F3-4B34-B91D-CB8E8F3A4DC9}.Release|Any CPU.Build.0 = Release|Any CPU
		{E77D5CC0-BD75-4A57-A03D-4681E0940985}.Debug|Any CPU.ActiveCfg = Debug|Any CPU
		{E77D5CC0-BD75-4A57-A03D-4681E0940985}.Debug|Any CPU.Build.0 = Debug|Any CPU
		{E77D5CC0-BD75-4A57-A03D-4681E0940985}.Release|Any CPU.ActiveCfg = Release|Any CPU
		{E77D5CC0-BD75-4A57-A03D-4681E0940985}.Release|Any CPU.Build.0 = Release|Any CPU
		{11AD33E7-DCC3-4086-8E68-58B2D0AFC6BE}.Debug|Any CPU.ActiveCfg = Debug|Any CPU
		{11AD33E7-DCC3-4086-8E68-58B2D0AFC6BE}.Debug|Any CPU.Build.0 = Debug|Any CPU
		{11AD33E7-DCC3-4086-8E68-58B2D0AFC6BE}.Release|Any CPU.ActiveCfg = Release|Any CPU
		{11AD33E7-DCC3-4086-8E68-58B2D0AFC6BE}.Release|Any CPU.Build.0 = Release|Any CPU
	EndGlobalSection
	GlobalSection(SolutionProperties) = preSolution
		HideSolutionNode = FALSE
	EndGlobalSection
	GlobalSection(ExtensibilityGlobals) = postSolution
		SolutionGuid = {DBB90826-9D16-4679-A8DD-2F99B803C4D2}
	EndGlobalSection
EndGlobal
